
Microsoft Visual Studio Solution File, Format Version 12.00
# Visual Studio Version 17
VisualStudioVersion = 17.8.34322.80
MinimumVisualStudioVersion = 10.0.40219.1
Project("{FAE04EC0-301F-11D3-BF4B-00C04F79EFBC}") = "SB", "SB.csproj", "{1D40D42C-1B26-419C-8E06-1DCE9DFED935}"
EndProject
Global
	GlobalSection(SolutionConfigurationPlatforms) = preSolution
		Debug|Any CPU = Debug|Any CPU
		Release|Any CPU = Release|Any CPU
	EndGlobalSection
	GlobalSection(ProjectConfigurationPlatforms) = postSolution
		{1D40D42C-1B26-419C-8E06-1DCE9DFED935}.Debug|Any CPU.ActiveCfg = Debug|Any CPU
		{1D40D42C-1B26-419C-8E06-1DCE9DFED935}.Debug|Any CPU.Build.0 = Debug|Any CPU
		{1D40D42C-1B26-419C-8E06-1DCE9DFED935}.Release|Any CPU.ActiveCfg = Release|Any CPU
		{1D40D42C-1B26-419C-8E06-1DCE9DFED935}.Release|Any CPU.Build.0 = Release|Any CPU
	EndGlobalSection
	GlobalSection(SolutionProperties) = preSolution
		HideSolutionNode = FALSE
	EndGlobalSection
	GlobalSection(ExtensibilityGlobals) = postSolution
		SolutionGuid = {399CF29B-A381-4564-B084-D52BE6B97F62}
	EndGlobalSection
EndGlobal
